
Microsoft Visual Studio Solution File, Format Version 12.00
# Visual Studio Version 16
VisualStudioVersion = 16.0.29728.190
MinimumVisualStudioVersion = 10.0.40219.1
Project("{FAE04EC0-301F-11D3-BF4B-00C04F79EFBC}") = "Lab_15_2", "Lab_15_2\Lab_15_2.csproj", "{B5FF9574-4749-4FCF-B7EB-3BFC775D66F9}"
EndProject
Global
	GlobalSection(SolutionConfigurationPlatforms) = preSolution
		Debug|Any CPU = Debug|Any CPU
		Release|Any CPU = Release|Any CPU
	EndGlobalSection
	GlobalSection(ProjectConfigurationPlatforms) = postSolution
		{B5FF9574-4749-4FCF-B7EB-3BFC775D66F9}.Debug|Any CPU.ActiveCfg = Debug|Any CPU
		{B5FF9574-4749-4FCF-B7EB-3BFC775D66F9}.Debug|Any CPU.Build.0 = Debug|Any CPU
		{B5FF9574-4749-4FCF-B7EB-3BFC775D66F9}.Release|Any CPU.ActiveCfg = Release|Any CPU
		{B5FF9574-4749-4FCF-B7EB-3BFC775D66F9}.Release|Any CPU.Build.0 = Release|Any CPU
	EndGlobalSection
	GlobalSection(SolutionProperties) = preSolution
		HideSolutionNode = FALSE
	EndGlobalSection
	GlobalSection(ExtensibilityGlobals) = postSolution
		SolutionGuid = {E6EDC12D-5EEB-4206-8800-E627FADBB82D}
	EndGlobalSection
EndGlobal
